// !$*UTF8*$!
{
	archiveVersion = 1;
	classes = {
	};
	objectVersion = 46;
	objects = {

/* Begin PBXBuildFile section */
		8414F46D1DF6E6D40067B39E /* AFHTTPSessionManager+ZPmanager.m in Sources */ = {isa = PBXBuildFile; fileRef = 8414F46C1DF6E6D40067B39E /* AFHTTPSessionManager+ZPmanager.m */; };
		8414F47B1DF6E7FA0067B39E /* ZPAdItem.m in Sources */ = {isa = PBXBuildFile; fileRef = 8414F47A1DF6E7FA0067B39E /* ZPAdItem.m */; };
		842294631DF426EE00CBB80D /* main.m in Sources */ = {isa = PBXBuildFile; fileRef = 842294621DF426EE00CBB80D /* main.m */; };
		842294661DF426EE00CBB80D /* AppDelegate.m in Sources */ = {isa = PBXBuildFile; fileRef = 842294651DF426EE00CBB80D /* AppDelegate.m */; };
		8422946E1DF426EE00CBB80D /* Assets.xcassets in Resources */ = {isa = PBXBuildFile; fileRef = 8422946D1DF426EE00CBB80D /* Assets.xcassets */; };
		8422949A1DF42B2300CBB80D /* ZPTabBarController.m in Sources */ = {isa = PBXBuildFile; fileRef = 842294991DF42B2300CBB80D /* ZPTabBarController.m */; };
		8422949D1DF42BAE00CBB80D /* ZPNavigationController.m in Sources */ = {isa = PBXBuildFile; fileRef = 8422949C1DF42BAE00CBB80D /* ZPNavigationController.m */; };
		842294A01DF43CC900CBB80D /* ZPEssenceVC.m in Sources */ = {isa = PBXBuildFile; fileRef = 8422949F1DF43CC900CBB80D /* ZPEssenceVC.m */; };
		842294A61DF43D0C00CBB80D /* ZPFriendTreandsVC.m in Sources */ = {isa = PBXBuildFile; fileRef = 842294A51DF43D0C00CBB80D /* ZPFriendTreandsVC.m */; };
		842294A91DF43D2500CBB80D /* ZPMineTableVC.m in Sources */ = {isa = PBXBuildFile; fileRef = 842294A81DF43D2500CBB80D /* ZPMineTableVC.m */; };
		842294AC1DF43D4D00CBB80D /* ZPPublishVC.m in Sources */ = {isa = PBXBuildFile; fileRef = 842294AB1DF43D4D00CBB80D /* ZPPublishVC.m */; };
		842294AF1DF441A000CBB80D /* UIImage+ZP.m in Sources */ = {isa = PBXBuildFile; fileRef = 842294AE1DF441A000CBB80D /* UIImage+ZP.m */; };
		842294B61DF45D7600CBB80D /* UIBarButtonItem+ZPItem.m in Sources */ = {isa = PBXBuildFile; fileRef = 842294B51DF45D7600CBB80D /* UIBarButtonItem+ZPItem.m */; };
		845E66331DF81EB300BB57E2 /* ZPTagboardVc.m in Sources */ = {isa = PBXBuildFile; fileRef = 845E66321DF81EB300BB57E2 /* ZPTagboardVc.m */; };
		845E663A1DF8213C00BB57E2 /* ZPTagViewCell.m in Sources */ = {isa = PBXBuildFile; fileRef = 845E66391DF8213C00BB57E2 /* ZPTagViewCell.m */; };
		845E663C1DF8217400BB57E2 /* ZPTagViewCell.xib in Resources */ = {isa = PBXBuildFile; fileRef = 845E663B1DF8217400BB57E2 /* ZPTagViewCell.xib */; };
		845E663F1DF82A3100BB57E2 /* ZPTagItem.m in Sources */ = {isa = PBXBuildFile; fileRef = 845E663E1DF82A3100BB57E2 /* ZPTagItem.m */; };
		846D95291DF7E2CA006FCAFF /* ZPNewViewController.m in Sources */ = {isa = PBXBuildFile; fileRef = 846D95281DF7E2CA006FCAFF /* ZPNewViewController.m */; };
		848DA3351DF50C5200D538EA /* ZPSettingTableVc.m in Sources */ = {isa = PBXBuildFile; fileRef = 848DA3341DF50C5200D538EA /* ZPSettingTableVc.m */; };
		848DA3381DF5145D00D538EA /* UIView+frame.m in Sources */ = {isa = PBXBuildFile; fileRef = 848DA3371DF5145D00D538EA /* UIView+frame.m */; };
		848DA33B1DF515E600D538EA /* ZPBackView.m in Sources */ = {isa = PBXBuildFile; fileRef = 848DA33A1DF515E600D538EA /* ZPBackView.m */; };
		848DA3411DF5183E00D538EA /* ZPNavBar.m in Sources */ = {isa = PBXBuildFile; fileRef = 848DA3401DF5183E00D538EA /* ZPNavBar.m */; };
		84DFE32D1DF6CCA90030BCCF /* ZPAdViewController.m in Sources */ = {isa = PBXBuildFile; fileRef = 84DFE32B1DF6CCA90030BCCF /* ZPAdViewController.m */; };
		84DFE32E1DF6CCA90030BCCF /* ZPAdViewController.xib in Resources */ = {isa = PBXBuildFile; fileRef = 84DFE32C1DF6CCA90030BCCF /* ZPAdViewController.xib */; };
		84DFE3371DF6D2520030BCCF /* LaunchImage-568h@2x.png in Resources */ = {isa = PBXBuildFile; fileRef = 84DFE3301DF6D2520030BCCF /* LaunchImage-568h@2x.png */; };
		84DFE3381DF6D2520030BCCF /* LaunchImage-700-568h@2x.png in Resources */ = {isa = PBXBuildFile; fileRef = 84DFE3311DF6D2520030BCCF /* LaunchImage-700-568h@2x.png */; };
		84DFE3391DF6D2520030BCCF /* LaunchImage-700@2x.png in Resources */ = {isa = PBXBuildFile; fileRef = 84DFE3321DF6D2520030BCCF /* LaunchImage-700@2x.png */; };
		84DFE33A1DF6D2520030BCCF /* LaunchImage-800-667h@2x.png in Resources */ = {isa = PBXBuildFile; fileRef = 84DFE3331DF6D2520030BCCF /* LaunchImage-800-667h@2x.png */; };
		84DFE33B1DF6D2520030BCCF /* LaunchImage-800-Portrait-736h@3x.png in Resources */ = {isa = PBXBuildFile; fileRef = 84DFE3341DF6D2520030BCCF /* LaunchImage-800-Portrait-736h@3x.png */; };
		84DFE33C1DF6D2520030BCCF /* LaunchImage.png in Resources */ = {isa = PBXBuildFile; fileRef = 84DFE3351DF6D2520030BCCF /* LaunchImage.png */; };
		84DFE33D1DF6D2520030BCCF /* LaunchImage@2x.png in Resources */ = {isa = PBXBuildFile; fileRef = 84DFE3361DF6D2520030BCCF /* LaunchImage@2x.png */; };
		F7781049993F56B3B1D16406 /* libPods-bsbdj-zph.a in Frameworks */ = {isa = PBXBuildFile; fileRef = 3C2EEC961075BF5DE6F38D25 /* libPods-bsbdj-zph.a */; };
/* End PBXBuildFile section */

/* Begin PBXFileReference section */
		0D2C3C980E34AF57C8B8BD94 /* Pods-bsbdj-zph.debug.xcconfig */ = {isa = PBXFileReference; includeInIndex = 1; lastKnownFileType = text.xcconfig; name = "Pods-bsbdj-zph.debug.xcconfig"; path = "Pods/Target Support Files/Pods-bsbdj-zph/Pods-bsbdj-zph.debug.xcconfig"; sourceTree = "<group>"; };
		2A5C0420A324F7F823F4EEBA /* Pods-bsbdj-zph.release.xcconfig */ = {isa = PBXFileReference; includeInIndex = 1; lastKnownFileType = text.xcconfig; name = "Pods-bsbdj-zph.release.xcconfig"; path = "Pods/Target Support Files/Pods-bsbdj-zph/Pods-bsbdj-zph.release.xcconfig"; sourceTree = "<group>"; };
		3C2EEC961075BF5DE6F38D25 /* libPods-bsbdj-zph.a */ = {isa = PBXFileReference; explicitFileType = archive.ar; includeInIndex = 0; path = "libPods-bsbdj-zph.a"; sourceTree = BUILT_PRODUCTS_DIR; };
		8414F46B1DF6E6D40067B39E /* AFHTTPSessionManager+ZPmanager.h */ = {isa = PBXFileReference; fileEncoding = 4; lastKnownFileType = sourcecode.c.h; path = "AFHTTPSessionManager+ZPmanager.h"; sourceTree = "<group>"; };
		8414F46C1DF6E6D40067B39E /* AFHTTPSessionManager+ZPmanager.m */ = {isa = PBXFileReference; fileEncoding = 4; lastKnownFileType = sourcecode.c.objc; path = "AFHTTPSessionManager+ZPmanager.m"; sourceTree = "<group>"; };
		8414F4791DF6E7FA0067B39E /* ZPAdItem.h */ = {isa = PBXFileReference; fileEncoding = 4; lastKnownFileType = sourcecode.c.h; path = ZPAdItem.h; sourceTree = "<group>"; };
		8414F47A1DF6E7FA0067B39E /* ZPAdItem.m */ = {isa = PBXFileReference; fileEncoding = 4; lastKnownFileType = sourcecode.c.objc; path = ZPAdItem.m; sourceTree = "<group>"; };
		8422945E1DF426EE00CBB80D /* bsbdj-zph.app */ = {isa = PBXFileReference; explicitFileType = wrapper.application; includeInIndex = 0; path = "bsbdj-zph.app"; sourceTree = BUILT_PRODUCTS_DIR; };
		842294621DF426EE00CBB80D /* main.m */ = {isa = PBXFileReference; lastKnownFileType = sourcecode.c.objc; path = main.m; sourceTree = "<group>"; };
		842294641DF426EE00CBB80D /* AppDelegate.h */ = {isa = PBXFileReference; lastKnownFileType = sourcecode.c.h; path = AppDelegate.h; sourceTree = "<group>"; };
		842294651DF426EE00CBB80D /* AppDelegate.m */ = {isa = PBXFileReference; lastKnownFileType = sourcecode.c.objc; path = AppDelegate.m; sourceTree = "<group>"; };
		8422946D1DF426EE00CBB80D /* Assets.xcassets */ = {isa = PBXFileReference; lastKnownFileType = folder.assetcatalog; path = Assets.xcassets; sourceTree = "<group>"; };
		842294721DF426EE00CBB80D /* Info.plist */ = {isa = PBXFileReference; lastKnownFileType = text.plist.xml; path = Info.plist; sourceTree = "<group>"; };
		842294981DF42B2300CBB80D /* ZPTabBarController.h */ = {isa = PBXFileReference; fileEncoding = 4; lastKnownFileType = sourcecode.c.h; path = ZPTabBarController.h; sourceTree = "<group>"; };
		842294991DF42B2300CBB80D /* ZPTabBarController.m */ = {isa = PBXFileReference; fileEncoding = 4; lastKnownFileType = sourcecode.c.objc; path = ZPTabBarController.m; sourceTree = "<group>"; };
		8422949B1DF42BAE00CBB80D /* ZPNavigationController.h */ = {isa = PBXFileReference; fileEncoding = 4; lastKnownFileType = sourcecode.c.h; path = ZPNavigationController.h; sourceTree = "<group>"; };
		8422949C1DF42BAE00CBB80D /* ZPNavigationController.m */ = {isa = PBXFileReference; fileEncoding = 4; lastKnownFileType = sourcecode.c.objc; path = ZPNavigationController.m; sourceTree = "<group>"; };
		8422949E1DF43CC900CBB80D /* ZPEssenceVC.h */ = {isa = PBXFileReference; fileEncoding = 4; lastKnownFileType = sourcecode.c.h; path = ZPEssenceVC.h; sourceTree = "<group>"; };
		8422949F1DF43CC900CBB80D /* ZPEssenceVC.m */ = {isa = PBXFileReference; fileEncoding = 4; lastKnownFileType = sourcecode.c.objc; path = ZPEssenceVC.m; sourceTree = "<group>"; };
		842294A41DF43D0C00CBB80D /* ZPFriendTreandsVC.h */ = {isa = PBXFileReference; fileEncoding = 4; lastKnownFileType = sourcecode.c.h; path = ZPFriendTreandsVC.h; sourceTree = "<group>"; };
		842294A51DF43D0C00CBB80D /* ZPFriendTreandsVC.m */ = {isa = PBXFileReference; fileEncoding = 4; lastKnownFileType = sourcecode.c.objc; path = ZPFriendTreandsVC.m; sourceTree = "<group>"; };
		842294A71DF43D2500CBB80D /* ZPMineTableVC.h */ = {isa = PBXFileReference; fileEncoding = 4; lastKnownFileType = sourcecode.c.h; name = ZPMineTableVC.h; path = ../ZPMineTableVC.h; sourceTree = "<group>"; };
		842294A81DF43D2500CBB80D /* ZPMineTableVC.m */ = {isa = PBXFileReference; fileEncoding = 4; lastKnownFileType = sourcecode.c.objc; name = ZPMineTableVC.m; path = ../ZPMineTableVC.m; sourceTree = "<group>"; };
		842294AA1DF43D4D00CBB80D /* ZPPublishVC.h */ = {isa = PBXFileReference; fileEncoding = 4; lastKnownFileType = sourcecode.c.h; path = ZPPublishVC.h; sourceTree = "<group>"; };
		842294AB1DF43D4D00CBB80D /* ZPPublishVC.m */ = {isa = PBXFileReference; fileEncoding = 4; lastKnownFileType = sourcecode.c.objc; path = ZPPublishVC.m; sourceTree = "<group>"; };
		842294AD1DF441A000CBB80D /* UIImage+ZP.h */ = {isa = PBXFileReference; fileEncoding = 4; lastKnownFileType = sourcecode.c.h; path = "UIImage+ZP.h"; sourceTree = "<group>"; };
		842294AE1DF441A000CBB80D /* UIImage+ZP.m */ = {isa = PBXFileReference; fileEncoding = 4; lastKnownFileType = sourcecode.c.objc; path = "UIImage+ZP.m"; sourceTree = "<group>"; };
		842294B01DF4425D00CBB80D /* bsbdj-zph.pch */ = {isa = PBXFileReference; lastKnownFileType = sourcecode.c.h; path = "bsbdj-zph.pch"; sourceTree = "<group>"; };
		842294B41DF45D7600CBB80D /* UIBarButtonItem+ZPItem.h */ = {isa = PBXFileReference; fileEncoding = 4; lastKnownFileType = sourcecode.c.h; path = "UIBarButtonItem+ZPItem.h"; sourceTree = "<group>"; };
		842294B51DF45D7600CBB80D /* UIBarButtonItem+ZPItem.m */ = {isa = PBXFileReference; fileEncoding = 4; lastKnownFileType = sourcecode.c.objc; path = "UIBarButtonItem+ZPItem.m"; sourceTree = "<group>"; };
		845E66311DF81EB300BB57E2 /* ZPTagboardVc.h */ = {isa = PBXFileReference; fileEncoding = 4; lastKnownFileType = sourcecode.c.h; path = ZPTagboardVc.h; sourceTree = "<group>"; };
		845E66321DF81EB300BB57E2 /* ZPTagboardVc.m */ = {isa = PBXFileReference; fileEncoding = 4; lastKnownFileType = sourcecode.c.objc; path = ZPTagboardVc.m; sourceTree = "<group>"; };
		845E66381DF8213C00BB57E2 /* ZPTagViewCell.h */ = {isa = PBXFileReference; fileEncoding = 4; lastKnownFileType = sourcecode.c.h; path = ZPTagViewCell.h; sourceTree = "<group>"; };
		845E66391DF8213C00BB57E2 /* ZPTagViewCell.m */ = {isa = PBXFileReference; fileEncoding = 4; lastKnownFileType = sourcecode.c.objc; path = ZPTagViewCell.m; sourceTree = "<group>"; };
		845E663B1DF8217400BB57E2 /* ZPTagViewCell.xib */ = {isa = PBXFileReference; fileEncoding = 4; lastKnownFileType = file.xib; path = ZPTagViewCell.xib; sourceTree = "<group>"; };
		845E663D1DF82A3100BB57E2 /* ZPTagItem.h */ = {isa = PBXFileReference; fileEncoding = 4; lastKnownFileType = sourcecode.c.h; path = ZPTagItem.h; sourceTree = "<group>"; };
		845E663E1DF82A3100BB57E2 /* ZPTagItem.m */ = {isa = PBXFileReference; fileEncoding = 4; lastKnownFileType = sourcecode.c.objc; path = ZPTagItem.m; sourceTree = "<group>"; };
		846D95271DF7E2CA006FCAFF /* ZPNewViewController.h */ = {isa = PBXFileReference; fileEncoding = 4; lastKnownFileType = sourcecode.c.h; path = ZPNewViewController.h; sourceTree = "<group>"; };
		846D95281DF7E2CA006FCAFF /* ZPNewViewController.m */ = {isa = PBXFileReference; fileEncoding = 4; lastKnownFileType = sourcecode.c.objc; path = ZPNewViewController.m; sourceTree = "<group>"; };
		848DA3331DF50C5200D538EA /* ZPSettingTableVc.h */ = {isa = PBXFileReference; fileEncoding = 4; lastKnownFileType = sourcecode.c.h; path = ZPSettingTableVc.h; sourceTree = "<group>"; };
		848DA3341DF50C5200D538EA /* ZPSettingTableVc.m */ = {isa = PBXFileReference; fileEncoding = 4; lastKnownFileType = sourcecode.c.objc; path = ZPSettingTableVc.m; sourceTree = "<group>"; };
		848DA3361DF5145D00D538EA /* UIView+frame.h */ = {isa = PBXFileReference; fileEncoding = 4; lastKnownFileType = sourcecode.c.h; path = "UIView+frame.h"; sourceTree = "<group>"; };
		848DA3371DF5145D00D538EA /* UIView+frame.m */ = {isa = PBXFileReference; fileEncoding = 4; lastKnownFileType = sourcecode.c.objc; path = "UIView+frame.m"; sourceTree = "<group>"; };
		848DA3391DF515E600D538EA /* ZPBackView.h */ = {isa = PBXFileReference; fileEncoding = 4; lastKnownFileType = sourcecode.c.h; path = ZPBackView.h; sourceTree = "<group>"; };
		848DA33A1DF515E600D538EA /* ZPBackView.m */ = {isa = PBXFileReference; fileEncoding = 4; lastKnownFileType = sourcecode.c.objc; path = ZPBackView.m; sourceTree = "<group>"; };
		848DA33F1DF5183E00D538EA /* ZPNavBar.h */ = {isa = PBXFileReference; fileEncoding = 4; lastKnownFileType = sourcecode.c.h; path = ZPNavBar.h; sourceTree = "<group>"; };
		848DA3401DF5183E00D538EA /* ZPNavBar.m */ = {isa = PBXFileReference; fileEncoding = 4; lastKnownFileType = sourcecode.c.objc; path = ZPNavBar.m; sourceTree = "<group>"; };
		84DFE32A1DF6CCA90030BCCF /* ZPAdViewController.h */ = {isa = PBXFileReference; fileEncoding = 4; lastKnownFileType = sourcecode.c.h; path = ZPAdViewController.h; sourceTree = "<group>"; };
		84DFE32B1DF6CCA90030BCCF /* ZPAdViewController.m */ = {isa = PBXFileReference; fileEncoding = 4; lastKnownFileType = sourcecode.c.objc; path = ZPAdViewController.m; sourceTree = "<group>"; };
		84DFE32C1DF6CCA90030BCCF /* ZPAdViewController.xib */ = {isa = PBXFileReference; fileEncoding = 4; lastKnownFileType = file.xib; path = ZPAdViewController.xib; sourceTree = "<group>"; };
		84DFE3301DF6D2520030BCCF /* LaunchImage-568h@2x.png */ = {isa = PBXFileReference; lastKnownFileType = image.png; path = "LaunchImage-568h@2x.png"; sourceTree = "<group>"; };
		84DFE3311DF6D2520030BCCF /* LaunchImage-700-568h@2x.png */ = {isa = PBXFileReference; lastKnownFileType = image.png; path = "LaunchImage-700-568h@2x.png"; sourceTree = "<group>"; };
		84DFE3321DF6D2520030BCCF /* LaunchImage-700@2x.png */ = {isa = PBXFileReference; lastKnownFileType = image.png; path = "LaunchImage-700@2x.png"; sourceTree = "<group>"; };
		84DFE3331DF6D2520030BCCF /* LaunchImage-800-667h@2x.png */ = {isa = PBXFileReference; lastKnownFileType = image.png; path = "LaunchImage-800-667h@2x.png"; sourceTree = "<group>"; };
		84DFE3341DF6D2520030BCCF /* LaunchImage-800-Portrait-736h@3x.png */ = {isa = PBXFileReference; lastKnownFileType = image.png; path = "LaunchImage-800-Portrait-736h@3x.png"; sourceTree = "<group>"; };
		84DFE3351DF6D2520030BCCF /* LaunchImage.png */ = {isa = PBXFileReference; lastKnownFileType = image.png; path = LaunchImage.png; sourceTree = "<group>"; };
		84DFE3361DF6D2520030BCCF /* LaunchImage@2x.png */ = {isa = PBXFileReference; lastKnownFileType = image.png; path = "LaunchImage@2x.png"; sourceTree = "<group>"; };
/* End PBXFileReference section */

/* Begin PBXFrameworksBuildPhase section */
		8422945B1DF426EE00CBB80D /* Frameworks */ = {
			isa = PBXFrameworksBuildPhase;
			buildActionMask = 2147483647;
			files = (
				F7781049993F56B3B1D16406 /* libPods-bsbdj-zph.a in Frameworks */,
			);
			runOnlyForDeploymentPostprocessing = 0;
		};
/* End PBXFrameworksBuildPhase section */

/* Begin PBXGroup section */
		1C6CA253A1925E768CD9BFA5 /* Pods */ = {
			isa = PBXGroup;
			children = (
				0D2C3C980E34AF57C8B8BD94 /* Pods-bsbdj-zph.debug.xcconfig */,
				2A5C0420A324F7F823F4EEBA /* Pods-bsbdj-zph.release.xcconfig */,
			);
			name = Pods;
			sourceTree = "<group>";
		};
		4947CB4689231A91F0D96222 /* Frameworks */ = {
			isa = PBXGroup;
			children = (
				3C2EEC961075BF5DE6F38D25 /* libPods-bsbdj-zph.a */,
			);
			name = Frameworks;
			sourceTree = "<group>";
		};
		8414F4771DF6E7E90067B39E /* View */ = {
			isa = PBXGroup;
			children = (
			);
			path = View;
			sourceTree = "<group>";
		};
		8414F4781DF6E7F10067B39E /* Model */ = {
			isa = PBXGroup;
			children = (
				8414F4791DF6E7FA0067B39E /* ZPAdItem.h */,
				8414F47A1DF6E7FA0067B39E /* ZPAdItem.m */,
			);
			path = Model;
			sourceTree = "<group>";
		};
		842294551DF426EE00CBB80D = {
			isa = PBXGroup;
			children = (
				842294601DF426EE00CBB80D /* bsbdj-zph */,
				8422945F1DF426EE00CBB80D /* Products */,
				4947CB4689231A91F0D96222 /* Frameworks */,
				1C6CA253A1925E768CD9BFA5 /* Pods */,
			);
			sourceTree = "<group>";
		};
		8422945F1DF426EE00CBB80D /* Products */ = {
			isa = PBXGroup;
			children = (
				8422945E1DF426EE00CBB80D /* bsbdj-zph.app */,
			);
			name = Products;
			sourceTree = "<group>";
		};
		842294601DF426EE00CBB80D /* bsbdj-zph */ = {
			isa = PBXGroup;
			children = (
				842294781DF42A0500CBB80D /* BDJClasess */,
				842294641DF426EE00CBB80D /* AppDelegate.h */,
				842294651DF426EE00CBB80D /* AppDelegate.m */,
				842294B01DF4425D00CBB80D /* bsbdj-zph.pch */,
				8422946D1DF426EE00CBB80D /* Assets.xcassets */,
				842294721DF426EE00CBB80D /* Info.plist */,
				842294611DF426EE00CBB80D /* Supporting Files */,
			);
			path = "bsbdj-zph";
			sourceTree = "<group>";
		};
		842294611DF426EE00CBB80D /* Supporting Files */ = {
			isa = PBXGroup;
			children = (
				842294621DF426EE00CBB80D /* main.m */,
				84DFE32F1DF6D2520030BCCF /* 启动图片 */,
			);
			name = "Supporting Files";
			sourceTree = "<group>";
		};
		842294781DF42A0500CBB80D /* BDJClasess */ = {
			isa = PBXGroup;
			children = (
				84DFE31D1DF6CBDD0030BCCF /* Ad(广告) */,
				848DA32F1DF50BE400D538EA /* Setting(设置) */,
				842294811DF42A0500CBB80D /* Main */,
				842294791DF42A0500CBB80D /* Essence(精华) */,
				842294891DF42A0500CBB80D /* New(新帖) */,
				8422947D1DF42A0500CBB80D /* FriendTrends(关注) */,
				842294851DF42A0500CBB80D /* Mine(我的) */,
				842294911DF42A0500CBB80D /* Publish(发布) */,
				8422948D1DF42A0500CBB80D /* Other */,
			);
			path = BDJClasess;
			sourceTree = "<group>";
		};
		842294791DF42A0500CBB80D /* Essence(精华) */ = {
			isa = PBXGroup;
			children = (
				8422947A1DF42A0500CBB80D /* Controller */,
				8422947B1DF42A0500CBB80D /* Model */,
				8422947C1DF42A0500CBB80D /* View */,
			);
			path = "Essence(精华)";
			sourceTree = "<group>";
		};
		8422947A1DF42A0500CBB80D /* Controller */ = {
			isa = PBXGroup;
			children = (
				8422949E1DF43CC900CBB80D /* ZPEssenceVC.h */,
				8422949F1DF43CC900CBB80D /* ZPEssenceVC.m */,
			);
			path = Controller;
			sourceTree = "<group>";
		};
		8422947B1DF42A0500CBB80D /* Model */ = {
			isa = PBXGroup;
			children = (
			);
			path = Model;
			sourceTree = "<group>";
		};
		8422947C1DF42A0500CBB80D /* View */ = {
			isa = PBXGroup;
			children = (
			);
			path = View;
			sourceTree = "<group>";
		};
		8422947D1DF42A0500CBB80D /* FriendTrends(关注) */ = {
			isa = PBXGroup;
			children = (
				8422947E1DF42A0500CBB80D /* Controller */,
				8422947F1DF42A0500CBB80D /* Model */,
				842294801DF42A0500CBB80D /* View */,
			);
			path = "FriendTrends(关注)";
			sourceTree = "<group>";
		};
		8422947E1DF42A0500CBB80D /* Controller */ = {
			isa = PBXGroup;
			children = (
				842294A41DF43D0C00CBB80D /* ZPFriendTreandsVC.h */,
				842294A51DF43D0C00CBB80D /* ZPFriendTreandsVC.m */,
			);
			path = Controller;
			sourceTree = "<group>";
		};
		8422947F1DF42A0500CBB80D /* Model */ = {
			isa = PBXGroup;
			children = (
			);
			path = Model;
			sourceTree = "<group>";
		};
		842294801DF42A0500CBB80D /* View */ = {
			isa = PBXGroup;
			children = (
			);
			path = View;
			sourceTree = "<group>";
		};
		842294811DF42A0500CBB80D /* Main */ = {
			isa = PBXGroup;
			children = (
				842294821DF42A0500CBB80D /* Controller */,
				842294831DF42A0500CBB80D /* Model */,
				842294841DF42A0500CBB80D /* View */,
			);
			path = Main;
			sourceTree = "<group>";
		};
		842294821DF42A0500CBB80D /* Controller */ = {
			isa = PBXGroup;
			children = (
				842294981DF42B2300CBB80D /* ZPTabBarController.h */,
				842294991DF42B2300CBB80D /* ZPTabBarController.m */,
				8422949B1DF42BAE00CBB80D /* ZPNavigationController.h */,
				8422949C1DF42BAE00CBB80D /* ZPNavigationController.m */,
			);
			path = Controller;
			sourceTree = "<group>";
		};
		842294831DF42A0500CBB80D /* Model */ = {
			isa = PBXGroup;
			children = (
			);
			path = Model;
			sourceTree = "<group>";
		};
		842294841DF42A0500CBB80D /* View */ = {
			isa = PBXGroup;
			children = (
			);
			path = View;
			sourceTree = "<group>";
		};
		842294851DF42A0500CBB80D /* Mine(我的) */ = {
			isa = PBXGroup;
			children = (
				842294861DF42A0500CBB80D /* Controller */,
				842294871DF42A0500CBB80D /* Model */,
				842294881DF42A0500CBB80D /* View */,
			);
			path = "Mine(我的)";
			sourceTree = "<group>";
		};
		842294861DF42A0500CBB80D /* Controller */ = {
			isa = PBXGroup;
			children = (
				842294A71DF43D2500CBB80D /* ZPMineTableVC.h */,
				842294A81DF43D2500CBB80D /* ZPMineTableVC.m */,
			);
			path = Controller;
			sourceTree = "<group>";
		};
		842294871DF42A0500CBB80D /* Model */ = {
			isa = PBXGroup;
			children = (
			);
			path = Model;
			sourceTree = "<group>";
		};
		842294881DF42A0500CBB80D /* View */ = {
			isa = PBXGroup;
			children = (
			);
			path = View;
			sourceTree = "<group>";
		};
		842294891DF42A0500CBB80D /* New(新帖) */ = {
			isa = PBXGroup;
			children = (
				846D95261DF7E2CA006FCAFF /* Controller */,
				845E66371DF8213C00BB57E2 /* View */,
				8422948B1DF42A0500CBB80D /* Model */,
			);
			path = "New(新帖)";
			sourceTree = "<group>";
		};
		8422948B1DF42A0500CBB80D /* Model */ = {
			isa = PBXGroup;
			children = (
				845E663D1DF82A3100BB57E2 /* ZPTagItem.h */,
				845E663E1DF82A3100BB57E2 /* ZPTagItem.m */,
			);
			path = Model;
			sourceTree = "<group>";
		};
		8422948D1DF42A0500CBB80D /* Other */ = {
			isa = PBXGroup;
			children = (
				8422948E1DF42A0500CBB80D /* Controller */,
				8422948F1DF42A0500CBB80D /* Model */,
				842294901DF42A0500CBB80D /* View */,
			);
			path = Other;
			sourceTree = "<group>";
		};
		8422948E1DF42A0500CBB80D /* Controller */ = {
			isa = PBXGroup;
			children = (
			);
			path = Controller;
			sourceTree = "<group>";
		};
		8422948F1DF42A0500CBB80D /* Model */ = {
			isa = PBXGroup;
			children = (
			);
			path = Model;
			sourceTree = "<group>";
		};
		842294901DF42A0500CBB80D /* View */ = {
			isa = PBXGroup;
			children = (
				8414F46B1DF6E6D40067B39E /* AFHTTPSessionManager+ZPmanager.h */,
				8414F46C1DF6E6D40067B39E /* AFHTTPSessionManager+ZPmanager.m */,
				842294AD1DF441A000CBB80D /* UIImage+ZP.h */,
				842294AE1DF441A000CBB80D /* UIImage+ZP.m */,
				842294B41DF45D7600CBB80D /* UIBarButtonItem+ZPItem.h */,
				842294B51DF45D7600CBB80D /* UIBarButtonItem+ZPItem.m */,
				848DA3361DF5145D00D538EA /* UIView+frame.h */,
				848DA3371DF5145D00D538EA /* UIView+frame.m */,
			);
			path = View;
			sourceTree = "<group>";
		};
		842294911DF42A0500CBB80D /* Publish(发布) */ = {
			isa = PBXGroup;
			children = (
				842294921DF42A0500CBB80D /* Controller */,
				842294931DF42A0500CBB80D /* Model */,
				842294941DF42A0500CBB80D /* View */,
			);
			path = "Publish(发布)";
			sourceTree = "<group>";
		};
		842294921DF42A0500CBB80D /* Controller */ = {
			isa = PBXGroup;
			children = (
				842294AA1DF43D4D00CBB80D /* ZPPublishVC.h */,
				842294AB1DF43D4D00CBB80D /* ZPPublishVC.m */,
			);
			path = Controller;
			sourceTree = "<group>";
		};
		842294931DF42A0500CBB80D /* Model */ = {
			isa = PBXGroup;
			children = (
			);
			path = Model;
			sourceTree = "<group>";
		};
		842294941DF42A0500CBB80D /* View */ = {
			isa = PBXGroup;
			children = (
			);
			path = View;
			sourceTree = "<group>";
		};
		845E66371DF8213C00BB57E2 /* View */ = {
			isa = PBXGroup;
			children = (
				845E66381DF8213C00BB57E2 /* ZPTagViewCell.h */,
				845E66391DF8213C00BB57E2 /* ZPTagViewCell.m */,
				845E663B1DF8217400BB57E2 /* ZPTagViewCell.xib */,
			);
			path = View;
			sourceTree = "<group>";
		};
		846D95261DF7E2CA006FCAFF /* Controller */ = {
			isa = PBXGroup;
			children = (
				846D95271DF7E2CA006FCAFF /* ZPNewViewController.h */,
				846D95281DF7E2CA006FCAFF /* ZPNewViewController.m */,
				845E66311DF81EB300BB57E2 /* ZPTagboardVc.h */,
				845E66321DF81EB300BB57E2 /* ZPTagboardVc.m */,
			);
			path = Controller;
			sourceTree = "<group>";
		};
		848DA32F1DF50BE400D538EA /* Setting(设置) */ = {
			isa = PBXGroup;
			children = (
				848DA3301DF50BE400D538EA /* Controller */,
				848DA3311DF50BE400D538EA /* Model */,
				848DA3321DF50BE400D538EA /* View */,
			);
			path = "Setting(设置)";
			sourceTree = "<group>";
		};
		848DA3301DF50BE400D538EA /* Controller */ = {
			isa = PBXGroup;
			children = (
				848DA3331DF50C5200D538EA /* ZPSettingTableVc.h */,
				848DA3341DF50C5200D538EA /* ZPSettingTableVc.m */,
			);
			path = Controller;
			sourceTree = "<group>";
		};
		848DA3311DF50BE400D538EA /* Model */ = {
			isa = PBXGroup;
			children = (
			);
			path = Model;
			sourceTree = "<group>";
		};
		848DA3321DF50BE400D538EA /* View */ = {
			isa = PBXGroup;
			children = (
				848DA3391DF515E600D538EA /* ZPBackView.h */,
				848DA33A1DF515E600D538EA /* ZPBackView.m */,
				848DA33F1DF5183E00D538EA /* ZPNavBar.h */,
				848DA3401DF5183E00D538EA /* ZPNavBar.m */,
			);
			path = View;
			sourceTree = "<group>";
		};
		84DFE31D1DF6CBDD0030BCCF /* Ad(广告) */ = {
			isa = PBXGroup;
			children = (
				84DFE31E1DF6CBDD0030BCCF /* Controller */,
				8414F4781DF6E7F10067B39E /* Model */,
				8414F4771DF6E7E90067B39E /* View */,
			);
			path = "Ad(广告)";
			sourceTree = "<group>";
		};
		84DFE31E1DF6CBDD0030BCCF /* Controller */ = {
			isa = PBXGroup;
			children = (
				84DFE32A1DF6CCA90030BCCF /* ZPAdViewController.h */,
				84DFE32B1DF6CCA90030BCCF /* ZPAdViewController.m */,
				84DFE32C1DF6CCA90030BCCF /* ZPAdViewController.xib */,
			);
			path = Controller;
			sourceTree = "<group>";
		};
		84DFE32F1DF6D2520030BCCF /* 启动图片 */ = {
			isa = PBXGroup;
			children = (
				84DFE3301DF6D2520030BCCF /* LaunchImage-568h@2x.png */,
				84DFE3311DF6D2520030BCCF /* LaunchImage-700-568h@2x.png */,
				84DFE3321DF6D2520030BCCF /* LaunchImage-700@2x.png */,
				84DFE3331DF6D2520030BCCF /* LaunchImage-800-667h@2x.png */,
				84DFE3341DF6D2520030BCCF /* LaunchImage-800-Portrait-736h@3x.png */,
				84DFE3351DF6D2520030BCCF /* LaunchImage.png */,
				84DFE3361DF6D2520030BCCF /* LaunchImage@2x.png */,
			);
			path = "启动图片";
			sourceTree = "<group>";
		};
/* End PBXGroup section */

/* Begin PBXNativeTarget section */
		8422945D1DF426EE00CBB80D /* bsbdj-zph */ = {
			isa = PBXNativeTarget;
			buildConfigurationList = 842294751DF426EE00CBB80D /* Build configuration list for PBXNativeTarget "bsbdj-zph" */;
			buildPhases = (
				FBE9C94B2D4865AFE8EAF9A1 /* [CP] Check Pods Manifest.lock */,
				8422945A1DF426EE00CBB80D /* Sources */,
				8422945B1DF426EE00CBB80D /* Frameworks */,
				8422945C1DF426EE00CBB80D /* Resources */,
				631B8FD8822C8EE6A4A1961F /* [CP] Embed Pods Frameworks */,
				7FFA0D9A71A764E3457FDB56 /* [CP] Copy Pods Resources */,
			);
			buildRules = (
			);
			dependencies = (
			);
			name = "bsbdj-zph";
			productName = "bsbdj-zph";
			productReference = 8422945E1DF426EE00CBB80D /* bsbdj-zph.app */;
			productType = "com.apple.product-type.application";
		};
/* End PBXNativeTarget section */

/* Begin PBXProject section */
		842294561DF426EE00CBB80D /* Project object */ = {
			isa = PBXProject;
			attributes = {
				LastUpgradeCheck = 0730;
				ORGANIZATIONNAME = FMB;
				TargetAttributes = {
					8422945D1DF426EE00CBB80D = {
						CreatedOnToolsVersion = 7.3;
					};
				};
			};
			buildConfigurationList = 842294591DF426EE00CBB80D /* Build configuration list for PBXProject "bsbdj-zph" */;
			compatibilityVersion = "Xcode 3.2";
			developmentRegion = English;
			hasScannedForEncodings = 0;
			knownRegions = (
				en,
				Base,
			);
			mainGroup = 842294551DF426EE00CBB80D;
			productRefGroup = 8422945F1DF426EE00CBB80D /* Products */;
			projectDirPath = "";
			projectRoot = "";
			targets = (
				8422945D1DF426EE00CBB80D /* bsbdj-zph */,
			);
		};
/* End PBXProject section */

/* Begin PBXResourcesBuildPhase section */
		8422945C1DF426EE00CBB80D /* Resources */ = {
			isa = PBXResourcesBuildPhase;
			buildActionMask = 2147483647;
			files = (
				84DFE33C1DF6D2520030BCCF /* LaunchImage.png in Resources */,
				845E663C1DF8217400BB57E2 /* ZPTagViewCell.xib in Resources */,
				84DFE33D1DF6D2520030BCCF /* LaunchImage@2x.png in Resources */,
				8422946E1DF426EE00CBB80D /* Assets.xcassets in Resources */,
				84DFE33A1DF6D2520030BCCF /* LaunchImage-800-667h@2x.png in Resources */,
				84DFE3371DF6D2520030BCCF /* LaunchImage-568h@2x.png in Resources */,
				84DFE3391DF6D2520030BCCF /* LaunchImage-700@2x.png in Resources */,
				84DFE3381DF6D2520030BCCF /* LaunchImage-700-568h@2x.png in Resources */,
				84DFE32E1DF6CCA90030BCCF /* ZPAdViewController.xib in Resources */,
				84DFE33B1DF6D2520030BCCF /* LaunchImage-800-Portrait-736h@3x.png in Resources */,
			);
			runOnlyForDeploymentPostprocessing = 0;
		};
/* End PBXResourcesBuildPhase section */

/* Begin PBXShellScriptBuildPhase section */
		631B8FD8822C8EE6A4A1961F /* [CP] Embed Pods Frameworks */ = {
			isa = PBXShellScriptBuildPhase;
			buildActionMask = 2147483647;
			files = (
			);
			inputPaths = (
			);
			name = "[CP] Embed Pods Frameworks";
			outputPaths = (
			);
			runOnlyForDeploymentPostprocessing = 0;
			shellPath = /bin/sh;
			shellScript = "\"${SRCROOT}/Pods/Target Support Files/Pods-bsbdj-zph/Pods-bsbdj-zph-frameworks.sh\"\n";
			showEnvVarsInLog = 0;
		};
		7FFA0D9A71A764E3457FDB56 /* [CP] Copy Pods Resources */ = {
			isa = PBXShellScriptBuildPhase;
			buildActionMask = 2147483647;
			files = (
			);
			inputPaths = (
			);
			name = "[CP] Copy Pods Resources";
			outputPaths = (
			);
			runOnlyForDeploymentPostprocessing = 0;
			shellPath = /bin/sh;
			shellScript = "\"${SRCROOT}/Pods/Target Support Files/Pods-bsbdj-zph/Pods-bsbdj-zph-resources.sh\"\n";
			showEnvVarsInLog = 0;
		};
		FBE9C94B2D4865AFE8EAF9A1 /* [CP] Check Pods Manifest.lock */ = {
			isa = PBXShellScriptBuildPhase;
			buildActionMask = 2147483647;
			files = (
			);
			inputPaths = (
			);
			name = "[CP] Check Pods Manifest.lock";
			outputPaths = (
			);
			runOnlyForDeploymentPostprocessing = 0;
			shellPath = /bin/sh;
			shellScript = "diff \"${PODS_ROOT}/../Podfile.lock\" \"${PODS_ROOT}/Manifest.lock\" > /dev/null\nif [ $? != 0 ] ; then\n    # print error to STDERR\n    echo \"error: The sandbox is not in sync with the Podfile.lock. Run 'pod install' or update your CocoaPods installation.\" >&2\n    exit 1\nfi\n";
			showEnvVarsInLog = 0;
		};
/* End PBXShellScriptBuildPhase section */

/* Begin PBXSourcesBuildPhase section */
		8422945A1DF426EE00CBB80D /* Sources */ = {
			isa = PBXSourcesBuildPhase;
			buildActionMask = 2147483647;
			files = (
				842294661DF426EE00CBB80D /* AppDelegate.m in Sources */,
				845E663F1DF82A3100BB57E2 /* ZPTagItem.m in Sources */,
				846D95291DF7E2CA006FCAFF /* ZPNewViewController.m in Sources */,
				842294AF1DF441A000CBB80D /* UIImage+ZP.m in Sources */,
				842294A61DF43D0C00CBB80D /* ZPFriendTreandsVC.m in Sources */,
				848DA33B1DF515E600D538EA /* ZPBackView.m in Sources */,
				8414F47B1DF6E7FA0067B39E /* ZPAdItem.m in Sources */,
				8422949D1DF42BAE00CBB80D /* ZPNavigationController.m in Sources */,
				848DA3411DF5183E00D538EA /* ZPNavBar.m in Sources */,
				842294B61DF45D7600CBB80D /* UIBarButtonItem+ZPItem.m in Sources */,
				842294631DF426EE00CBB80D /* main.m in Sources */,
				842294A01DF43CC900CBB80D /* ZPEssenceVC.m in Sources */,
				842294A91DF43D2500CBB80D /* ZPMineTableVC.m in Sources */,
				8422949A1DF42B2300CBB80D /* ZPTabBarController.m in Sources */,
				848DA3381DF5145D00D538EA /* UIView+frame.m in Sources */,
				84DFE32D1DF6CCA90030BCCF /* ZPAdViewController.m in Sources */,
				8414F46D1DF6E6D40067B39E /* AFHTTPSessionManager+ZPmanager.m in Sources */,
				848DA3351DF50C5200D538EA /* ZPSettingTableVc.m in Sources */,
				845E66331DF81EB300BB57E2 /* ZPTagboardVc.m in Sources */,
				842294AC1DF43D4D00CBB80D /* ZPPublishVC.m in Sources */,
				845E663A1DF8213C00BB57E2 /* ZPTagViewCell.m in Sources */,
			);
			runOnlyForDeploymentPostprocessing = 0;
		};
/* End PBXSourcesBuildPhase section */

/* Begin XCBuildConfiguration section */
		842294731DF426EE00CBB80D /* Debug */ = {
			isa = XCBuildConfiguration;
			buildSettings = {
				ALWAYS_SEARCH_USER_PATHS = NO;
				CLANG_ANALYZER_NONNULL = YES;
				CLANG_CXX_LANGUAGE_STANDARD = "gnu++0x";
				CLANG_CXX_LIBRARY = "libc++";
				CLANG_ENABLE_MODULES = YES;
				CLANG_ENABLE_OBJC_ARC = YES;
				CLANG_WARN_BOOL_CONVERSION = YES;
				CLANG_WARN_CONSTANT_CONVERSION = YES;
				CLANG_WARN_DIRECT_OBJC_ISA_USAGE = YES_ERROR;
				CLANG_WARN_EMPTY_BODY = YES;
				CLANG_WARN_ENUM_CONVERSION = YES;
				CLANG_WARN_INT_CONVERSION = YES;
				CLANG_WARN_OBJC_ROOT_CLASS = YES_ERROR;
				CLANG_WARN_UNREACHABLE_CODE = YES;
				CLANG_WARN__DUPLICATE_METHOD_MATCH = YES;
				"CODE_SIGN_IDENTITY[sdk=iphoneos*]" = "iPhone Developer";
				COPY_PHASE_STRIP = NO;
				DEBUG_INFORMATION_FORMAT = dwarf;
				ENABLE_STRICT_OBJC_MSGSEND = YES;
				ENABLE_TESTABILITY = YES;
				GCC_C_LANGUAGE_STANDARD = gnu99;
				GCC_DYNAMIC_NO_PIC = NO;
				GCC_NO_COMMON_BLOCKS = YES;
				GCC_OPTIMIZATION_LEVEL = 0;
				GCC_PREPROCESSOR_DEFINITIONS = (
					"DEBUG=1",
					"$(inherited)",
				);
				GCC_WARN_64_TO_32_BIT_CONVERSION = YES;
				GCC_WARN_ABOUT_RETURN_TYPE = YES_ERROR;
				GCC_WARN_UNDECLARED_SELECTOR = YES;
				GCC_WARN_UNINITIALIZED_AUTOS = YES_AGGRESSIVE;
				GCC_WARN_UNUSED_FUNCTION = YES;
				GCC_WARN_UNUSED_VARIABLE = YES;
				IPHONEOS_DEPLOYMENT_TARGET = 9.3;
				MTL_ENABLE_DEBUG_INFO = YES;
				ONLY_ACTIVE_ARCH = YES;
				SDKROOT = iphoneos;
				TARGETED_DEVICE_FAMILY = "1,2";
			};
			name = Debug;
		};
		842294741DF426EE00CBB80D /* Release */ = {
			isa = XCBuildConfiguration;
			buildSettings = {
				ALWAYS_SEARCH_USER_PATHS = NO;
				CLANG_ANALYZER_NONNULL = YES;
				CLANG_CXX_LANGUAGE_STANDARD = "gnu++0x";
				CLANG_CXX_LIBRARY = "libc++";
				CLANG_ENABLE_MODULES = YES;
				CLANG_ENABLE_OBJC_ARC = YES;
				CLANG_WARN_BOOL_CONVERSION = YES;
				CLANG_WARN_CONSTANT_CONVERSION = YES;
				CLANG_WARN_DIRECT_OBJC_ISA_USAGE = YES_ERROR;
				CLANG_WARN_EMPTY_BODY = YES;
				CLANG_WARN_ENUM_CONVERSION = YES;
				CLANG_WARN_INT_CONVERSION = YES;
				CLANG_WARN_OBJC_ROOT_CLASS = YES_ERROR;
				CLANG_WARN_UNREACHABLE_CODE = YES;
				CLANG_WARN__DUPLICATE_METHOD_MATCH = YES;
				"CODE_SIGN_IDENTITY[sdk=iphoneos*]" = "iPhone Developer";
				COPY_PHASE_STRIP = NO;
				DEBUG_INFORMATION_FORMAT = "dwarf-with-dsym";
				ENABLE_NS_ASSERTIONS = NO;
				ENABLE_STRICT_OBJC_MSGSEND = YES;
				GCC_C_LANGUAGE_STANDARD = gnu99;
				GCC_NO_COMMON_BLOCKS = YES;
				GCC_WARN_64_TO_32_BIT_CONVERSION = YES;
				GCC_WARN_ABOUT_RETURN_TYPE = YES_ERROR;
				GCC_WARN_UNDECLARED_SELECTOR = YES;
				GCC_WARN_UNINITIALIZED_AUTOS = YES_AGGRESSIVE;
				GCC_WARN_UNUSED_FUNCTION = YES;
				GCC_WARN_UNUSED_VARIABLE = YES;
				IPHONEOS_DEPLOYMENT_TARGET = 9.3;
				MTL_ENABLE_DEBUG_INFO = NO;
				SDKROOT = iphoneos;
				TARGETED_DEVICE_FAMILY = "1,2";
				VALIDATE_PRODUCT = YES;
			};
			name = Release;
		};
		842294761DF426EE00CBB80D /* Debug */ = {
			isa = XCBuildConfiguration;
			baseConfigurationReference = 0D2C3C980E34AF57C8B8BD94 /* Pods-bsbdj-zph.debug.xcconfig */;
			buildSettings = {
				ASSETCATALOG_COMPILER_APPICON_NAME = AppIcon;
				ASSETCATALOG_COMPILER_LAUNCHIMAGE_NAME = LaunchImage;
				GCC_PRECOMPILE_PREFIX_HEADER = YES;
				GCC_PREFIX_HEADER = "bsbdj-zph/bsbdj-zph.pch";
				INFOPLIST_FILE = "bsbdj-zph/Info.plist";
				LD_RUNPATH_SEARCH_PATHS = "$(inherited) @executable_path/Frameworks";
				PRODUCT_BUNDLE_IDENTIFIER = "COM.FBM.bsbdj-zph";
				PRODUCT_NAME = "$(TARGET_NAME)";
				TARGETED_DEVICE_FAMILY = 1;
			};
			name = Debug;
		};
		842294771DF426EE00CBB80D /* Release */ = {
			isa = XCBuildConfiguration;
			baseConfigurationReference = 2A5C0420A324F7F823F4EEBA /* Pods-bsbdj-zph.release.xcconfig */;
			buildSettings = {
				ASSETCATALOG_COMPILER_APPICON_NAME = AppIcon;
				ASSETCATALOG_COMPILER_LAUNCHIMAGE_NAME = LaunchImage;
				GCC_PRECOMPILE_PREFIX_HEADER = YES;
				GCC_PREFIX_HEADER = "bsbdj-zph/bsbdj-zph.pch";
				INFOPLIST_FILE = "bsbdj-zph/Info.plist";
				LD_RUNPATH_SEARCH_PATHS = "$(inherited) @executable_path/Frameworks";
				PRODUCT_BUNDLE_IDENTIFIER = "COM.FBM.bsbdj-zph";
				PRODUCT_NAME = "$(TARGET_NAME)";
				TARGETED_DEVICE_FAMILY = 1;
			};
			name = Release;
		};
/* End XCBuildConfiguration section */

/* Begin XCConfigurationList section */
		842294591DF426EE00CBB80D /* Build configuration list for PBXProject "bsbdj-zph" */ = {
			isa = XCConfigurationList;
			buildConfigurations = (
				842294731DF426EE00CBB80D /* Debug */,
				842294741DF426EE00CBB80D /* Release */,
			);
			defaultConfigurationIsVisible = 0;
			defaultConfigurationName = Release;
		};
		842294751DF426EE00CBB80D /* Build configuration list for PBXNativeTarget "bsbdj-zph" */ = {
			isa = XCConfigurationList;
			buildConfigurations = (
				842294761DF426EE00CBB80D /* Debug */,
				842294771DF426EE00CBB80D /* Release */,
			);
			defaultConfigurationIsVisible = 0;
			defaultConfigurationName = Release;
		};
/* End XCConfigurationList section */
	};
	rootObject = 842294561DF426EE00CBB80D /* Project object */;
}
